// !$*UTF8*$!
{
	archiveVersion = 1;
	classes = {
	};
	objectVersion = 50;
	objects = {

/* Begin PBXBuildFile section */
		4739DFB8FB30A1207FFD83AC /* Pods_ChangeColorBall.framework in Frameworks */ = {isa = PBXBuildFile; fileRef = 0352BEFE8DF5E69DB19A2D7C /* Pods_ChangeColorBall.framework */; };
		C6870B242135097100DBF2F0 /* AppDelegate.swift in Sources */ = {isa = PBXBuildFile; fileRef = C6870B232135097100DBF2F0 /* AppDelegate.swift */; };
		C6870B262135097100DBF2F0 /* ViewController.swift in Sources */ = {isa = PBXBuildFile; fileRef = C6870B252135097100DBF2F0 /* ViewController.swift */; };
		C6870B292135097100DBF2F0 /* Main.storyboard in Resources */ = {isa = PBXBuildFile; fileRef = C6870B272135097100DBF2F0 /* Main.storyboard */; };
		C6870B2B2135097300DBF2F0 /* Assets.xcassets in Resources */ = {isa = PBXBuildFile; fileRef = C6870B2A2135097300DBF2F0 /* Assets.xcassets */; };
		C6870B2E2135097300DBF2F0 /* LaunchScreen.storyboard in Resources */ = {isa = PBXBuildFile; fileRef = C6870B2C2135097300DBF2F0 /* LaunchScreen.storyboard */; };
		C6870B36213522B600DBF2F0 /* CircleViewModel.swift in Sources */ = {isa = PBXBuildFile; fileRef = C6870B35213522B600DBF2F0 /* CircleViewModel.swift */; };
/* End PBXBuildFile section */

/* Begin PBXFileReference section */
		0352BEFE8DF5E69DB19A2D7C /* Pods_ChangeColorBall.framework */ = {isa = PBXFileReference; explicitFileType = wrapper.framework; includeInIndex = 0; path = Pods_ChangeColorBall.framework; sourceTree = BUILT_PRODUCTS_DIR; };
		547FB296E7301CA0442DFF15 /* Pods-ChangeColorBall.release.xcconfig */ = {isa = PBXFileReference; includeInIndex = 1; lastKnownFileType = text.xcconfig; name = "Pods-ChangeColorBall.release.xcconfig"; path = "Pods/Target Support Files/Pods-ChangeColorBall/Pods-ChangeColorBall.release.xcconfig"; sourceTree = "<group>"; };
		B91617A7AE14E5E1485B3674 /* Pods-ChangeColorBall.debug.xcconfig */ = {isa = PBXFileReference; includeInIndex = 1; lastKnownFileType = text.xcconfig; name = "Pods-ChangeColorBall.debug.xcconfig"; path = "Pods/Target Support Files/Pods-ChangeColorBall/Pods-ChangeColorBall.debug.xcconfig"; sourceTree = "<group>"; };
		C6870B202135097100DBF2F0 /* ChangeColorBall.app */ = {isa = PBXFileReference; explicitFileType = wrapper.application; includeInIndex = 0; path = ChangeColorBall.app; sourceTree = BUILT_PRODUCTS_DIR; };
		C6870B232135097100DBF2F0 /* AppDelegate.swift */ = {isa = PBXFileReference; lastKnownFileType = sourcecode.swift; path = AppDelegate.swift; sourceTree = "<group>"; };
		C6870B252135097100DBF2F0 /* ViewController.swift */ = {isa = PBXFileReference; lastKnownFileType = sourcecode.swift; path = ViewController.swift; sourceTree = "<group>"; };
		C6870B282135097100DBF2F0 /* Base */ = {isa = PBXFileReference; lastKnownFileType = file.storyboard; name = Base; path = Base.lproj/Main.storyboard; sourceTree = "<group>"; };
		C6870B2A2135097300DBF2F0 /* Assets.xcassets */ = {isa = PBXFileReference; lastKnownFileType = folder.assetcatalog; path = Assets.xcassets; sourceTree = "<group>"; };
		C6870B2D2135097300DBF2F0 /* Base */ = {isa = PBXFileReference; lastKnownFileType = file.storyboard; name = Base; path = Base.lproj/LaunchScreen.storyboard; sourceTree = "<group>"; };
		C6870B2F2135097300DBF2F0 /* Info.plist */ = {isa = PBXFileReference; lastKnownFileType = text.plist.xml; path = Info.plist; sourceTree = "<group>"; };
		C6870B35213522B600DBF2F0 /* CircleViewModel.swift */ = {isa = PBXFileReference; lastKnownFileType = sourcecode.swift; path = CircleViewModel.swift; sourceTree = "<group>"; };
/* End PBXFileReference section */

/* Begin PBXFrameworksBuildPhase section */
		C6870B1D2135097100DBF2F0 /* Frameworks */ = {
			isa = PBXFrameworksBuildPhase;
			buildActionMask = 2147483647;
			files = (
				4739DFB8FB30A1207FFD83AC /* Pods_ChangeColorBall.framework in Frameworks */,
			);
			runOnlyForDeploymentPostprocessing = 0;
		};
/* End PBXFrameworksBuildPhase section */

/* Begin PBXGroup section */
		C6870B172135097100DBF2F0 = {
			isa = PBXGroup;
			children = (
				C6870B222135097100DBF2F0 /* ChangeColorBall */,
				C6870B212135097100DBF2F0 /* Products */,
				CCB52D116C6BA01D16D7E56B /* Pods */,
				F8CF66B6D2E15F11379B0585 /* Frameworks */,
			);
			sourceTree = "<group>";
		};
		C6870B212135097100DBF2F0 /* Products */ = {
			isa = PBXGroup;
			children = (
				C6870B202135097100DBF2F0 /* ChangeColorBall.app */,
			);
			name = Products;
			sourceTree = "<group>";
		};
		C6870B222135097100DBF2F0 /* ChangeColorBall */ = {
			isa = PBXGroup;
			children = (
				C6870B232135097100DBF2F0 /* AppDelegate.swift */,
				C6870B252135097100DBF2F0 /* ViewController.swift */,
				C6870B35213522B600DBF2F0 /* CircleViewModel.swift */,
				C6870B272135097100DBF2F0 /* Main.storyboard */,
				C6870B2A2135097300DBF2F0 /* Assets.xcassets */,
				C6870B2C2135097300DBF2F0 /* LaunchScreen.storyboard */,
				C6870B2F2135097300DBF2F0 /* Info.plist */,
			);
			path = ChangeColorBall;
			sourceTree = "<group>";
		};
		CCB52D116C6BA01D16D7E56B /* Pods */ = {
			isa = PBXGroup;
			children = (
				B91617A7AE14E5E1485B3674 /* Pods-ChangeColorBall.debug.xcconfig */,
				547FB296E7301CA0442DFF15 /* Pods-ChangeColorBall.release.xcconfig */,
			);
			name = Pods;
			sourceTree = "<group>";
		};
		F8CF66B6D2E15F11379B0585 /* Frameworks */ = {
			isa = PBXGroup;
			children = (
				0352BEFE8DF5E69DB19A2D7C /* Pods_ChangeColorBall.framework */,
			);
			name = Frameworks;
			sourceTree = "<group>";
		};
/* End PBXGroup section */

/* Begin PBXNativeTarget section */
		C6870B1F2135097100DBF2F0 /* ChangeColorBall */ = {
			isa = PBXNativeTarget;
			buildConfigurationList = C6870B322135097300DBF2F0 /* Build configuration list for PBXNativeTarget "ChangeColorBall" */;
			buildPhases = (
				64F9F4FE9DE0D2570CDBF1F9 /* [CP] Check Pods Manifest.lock */,
				C6870B1C2135097100DBF2F0 /* Sources */,
				C6870B1D2135097100DBF2F0 /* Frameworks */,
				C6870B1E2135097100DBF2F0 /* Resources */,
				FAFD67397C3D74911DA411EC /* [CP] Embed Pods Frameworks */,
			);
			buildRules = (
			);
			dependencies = (
			);
			name = ChangeColorBall;
			productName = ChangeColorBall;
			productReference = C6870B202135097100DBF2F0 /* ChangeColorBall.app */;
			productType = "com.apple.product-type.application";
		};
/* End PBXNativeTarget section */

/* Begin PBXProject section */
		C6870B182135097100DBF2F0 /* Project object */ = {
			isa = PBXProject;
			attributes = {
				LastSwiftUpdateCheck = 0940;
				LastUpgradeCheck = 0940;
				ORGANIZATIONNAME = takuyaOhmuro;
				TargetAttributes = {
					C6870B1F2135097100DBF2F0 = {
						CreatedOnToolsVersion = 9.4.1;
					};
				};
			};
			buildConfigurationList = C6870B1B2135097100DBF2F0 /* Build configuration list for PBXProject "ChangeColorBall" */;
			compatibilityVersion = "Xcode 9.3";
			developmentRegion = en;
			hasScannedForEncodings = 0;
			knownRegions = (
				en,
				Base,
			);
			mainGroup = C6870B172135097100DBF2F0;
			productRefGroup = C6870B212135097100DBF2F0 /* Products */;
			projectDirPath = "";
			projectRoot = "";
			targets = (
				C6870B1F2135097100DBF2F0 /* ChangeColorBall */,
			);
		};
/* End PBXProject section */

/* Begin PBXResourcesBuildPhase section */
		C6870B1E2135097100DBF2F0 /* Resources */ = {
			isa = PBXResourcesBuildPhase;
			buildActionMask = 2147483647;
			files = (
				C6870B2E2135097300DBF2F0 /* LaunchScreen.storyboard in Resources */,
				C6870B2B2135097300DBF2F0 /* Assets.xcassets in Resources */,
				C6870B292135097100DBF2F0 /* Main.storyboard in Resources */,
			);
			runOnlyForDeploymentPostprocessing = 0;
		};
/* End PBXResourcesBuildPhase section */

/* Begin PBXShellScriptBuildPhase section */
		64F9F4FE9DE0D2570CDBF1F9 /* [CP] Check Pods Manifest.lock */ = {
			isa = PBXShellScriptBuildPhase;
			buildActionMask = 2147483647;
			files = (
			);
			inputPaths = (
				"${PODS_PODFILE_DIR_PATH}/Podfile.lock",
				"${PODS_ROOT}/Manifest.lock",
			);
			name = "[CP] Check Pods Manifest.lock";
			outputPaths = (
				"$(DERIVED_FILE_DIR)/Pods-ChangeColorBall-checkManifestLockResult.txt",
			);
			runOnlyForDeploymentPostprocessing = 0;
			shellPath = /bin/sh;
			shellScript = "diff \"${PODS_PODFILE_DIR_PATH}/Podfile.lock\" \"${PODS_ROOT}/Manifest.lock\" > /dev/null\nif [ $? != 0 ] ; then\n    # print error to STDERR\n    echo \"error: The sandbox is not in sync with the Podfile.lock. Run 'pod install' or update your CocoaPods installation.\" >&2\n    exit 1\nfi\n# This output is used by Xcode 'outputs' to avoid re-running this script phase.\necho \"SUCCESS\" > \"${SCRIPT_OUTPUT_FILE_0}\"\n";
			showEnvVarsInLog = 0;
		};
		FAFD67397C3D74911DA411EC /* [CP] Embed Pods Frameworks */ = {
			isa = PBXShellScriptBuildPhase;
			buildActionMask = 2147483647;
			files = (
			);
			inputPaths = (
				"${SRCROOT}/Pods/Target Support Files/Pods-ChangeColorBall/Pods-ChangeColorBall-frameworks.sh",
				"${BUILT_PRODUCTS_DIR}/ChameleonFramework/ChameleonFramework.framework",
				"${BUILT_PRODUCTS_DIR}/RxCocoa/RxCocoa.framework",
				"${BUILT_PRODUCTS_DIR}/RxSwift/RxSwift.framework",
			);
			name = "[CP] Embed Pods Frameworks";
			outputPaths = (
				"${TARGET_BUILD_DIR}/${FRAMEWORKS_FOLDER_PATH}/ChameleonFramework.framework",
				"${TARGET_BUILD_DIR}/${FRAMEWORKS_FOLDER_PATH}/RxCocoa.framework",
				"${TARGET_BUILD_DIR}/${FRAMEWORKS_FOLDER_PATH}/RxSwift.framework",
			);
			runOnlyForDeploymentPostprocessing = 0;
			shellPath = /bin/sh;
			shellScript = "\"${SRCROOT}/Pods/Target Support Files/Pods-ChangeColorBall/Pods-ChangeColorBall-frameworks.sh\"\n";
			showEnvVarsInLog = 0;
		};
/* End PBXShellScriptBuildPhase section */

/* Begin PBXSourcesBuildPhase section */
		C6870B1C2135097100DBF2F0 /* Sources */ = {
			isa = PBXSourcesBuildPhase;
			buildActionMask = 2147483647;
			files = (
				C6870B36213522B600DBF2F0 /* CircleViewModel.swift in Sources */,
				C6870B262135097100DBF2F0 /* ViewController.swift in Sources */,
				C6870B242135097100DBF2F0 /* AppDelegate.swift in Sources */,
			);
			runOnlyForDeploymentPostprocessing = 0;
		};
/* End PBXSourcesBuildPhase section */

/* Begin PBXVariantGroup section */
		C6870B272135097100DBF2F0 /* Main.storyboard */ = {
			isa = PBXVariantGroup;
			children = (
				C6870B282135097100DBF2F0 /* Base */,
			);
			name = Main.storyboard;
			sourceTree = "<group>";
		};
		C6870B2C2135097300DBF2F0 /* LaunchScreen.storyboard */ = {
			isa = PBXVariantGroup;
			children = (
				C6870B2D2135097300DBF2F0 /* Base */,
			);
			name = LaunchScreen.storyboard;
			sourceTree = "<group>";
		};
/* End PBXVariantGroup section */

/* Begin XCBuildConfiguration section */
		C6870B302135097300DBF2F0 /* Debug */ = {
			isa = XCBuildConfiguration;
			buildSettings = {
				ALWAYS_SEARCH_USER_PATHS = NO;
				CLANG_ANALYZER_NONNULL = YES;
				CLANG_ANALYZER_NUMBER_OBJECT_CONVERSION = YES_AGGRESSIVE;
				CLANG_CXX_LANGUAGE_STANDARD = "gnu++14";
				CLANG_CXX_LIBRARY = "libc++";
				CLANG_ENABLE_MODULES = YES;
				CLANG_ENABLE_OBJC_ARC = YES;
				CLANG_ENABLE_OBJC_WEAK = YES;
				CLANG_WARN_BLOCK_CAPTURE_AUTORELEASING = YES;
				CLANG_WARN_BOOL_CONVERSION = YES;
				CLANG_WARN_COMMA = YES;
				CLANG_WARN_CONSTANT_CONVERSION = YES;
				CLANG_WARN_DEPRECATED_OBJC_IMPLEMENTATIONS = YES;
				CLANG_WARN_DIRECT_OBJC_ISA_USAGE = YES_ERROR;
				CLANG_WARN_DOCUMENTATION_COMMENTS = YES;
				CLANG_WARN_EMPTY_BODY = YES;
				CLANG_WARN_ENUM_CONVERSION = YES;
				CLANG_WARN_INFINITE_RECURSION = YES;
				CLANG_WARN_INT_CONVERSION = YES;
				CLANG_WARN_NON_LITERAL_NULL_CONVERSION = YES;
				CLANG_WARN_OBJC_IMPLICIT_RETAIN_SELF = YES;
				CLANG_WARN_OBJC_LITERAL_CONVERSION = YES;
				CLANG_WARN_OBJC_ROOT_CLASS = YES_ERROR;
				CLANG_WARN_RANGE_LOOP_ANALYSIS = YES;
				CLANG_WARN_STRICT_PROTOTYPES = YES;
				CLANG_WARN_SUSPICIOUS_MOVE = YES;
				CLANG_WARN_UNGUARDED_AVAILABILITY = YES_AGGRESSIVE;
				CLANG_WARN_UNREACHABLE_CODE = YES;
				CLANG_WARN__DUPLICATE_METHOD_MATCH = YES;
				CODE_SIGN_IDENTITY = "iPhone Developer";
				COPY_PHASE_STRIP = NO;
				DEBUG_INFORMATION_FORMAT = dwarf;
				ENABLE_STRICT_OBJC_MSGSEND = YES;
				ENABLE_TESTABILITY = YES;
				GCC_C_LANGUAGE_STANDARD = gnu11;
				GCC_DYNAMIC_NO_PIC = NO;
				GCC_NO_COMMON_BLOCKS = YES;
				GCC_OPTIMIZATION_LEVEL = 0;
				GCC_PREPROCESSOR_DEFINITIONS = (
					"DEBUG=1",
					"$(inherited)",
				);
				GCC_WARN_64_TO_32_BIT_CONVERSION = YES;
				GCC_WARN_ABOUT_RETURN_TYPE = YES_ERROR;
				GCC_WARN_UNDECLARED_SELECTOR = YES;
				GCC_WARN_UNINITIALIZED_AUTOS = YES_AGGRESSIVE;
				GCC_WARN_UNUSED_FUNCTION = YES;
				GCC_WARN_UNUSED_VARIABLE = YES;
				IPHONEOS_DEPLOYMENT_TARGET = 11.4;
				MTL_ENABLE_DEBUG_INFO = YES;
				ONLY_ACTIVE_ARCH = YES;
				SDKROOT = iphoneos;
				SWIFT_ACTIVE_COMPILATION_CONDITIONS = DEBUG;
				SWIFT_OPTIMIZATION_LEVEL = "-Onone";
			};
			name = Debug;
		};
		C6870B312135097300DBF2F0 /* Release */ = {
			isa = XCBuildConfiguration;
			buildSettings = {
				ALWAYS_SEARCH_USER_PATHS = NO;
				CLANG_ANALYZER_NONNULL = YES;
				CLANG_ANALYZER_NUMBER_OBJECT_CONVERSION = YES_AGGRESSIVE;
				CLANG_CXX_LANGUAGE_STANDARD = "gnu++14";
				CLANG_CXX_LIBRARY = "libc++";
				CLANG_ENABLE_MODULES = YES;
				CLANG_ENABLE_OBJC_ARC = YES;
				CLANG_ENABLE_OBJC_WEAK = YES;
				CLANG_WARN_BLOCK_CAPTURE_AUTORELEASING = YES;
				CLANG_WARN_BOOL_CONVERSION = YES;
				CLANG_WARN_COMMA = YES;
				CLANG_WARN_CONSTANT_CONVERSION = YES;
				CLANG_WARN_DEPRECATED_OBJC_IMPLEMENTATIONS = YES;
				CLANG_WARN_DIRECT_OBJC_ISA_USAGE = YES_ERROR;
				CLANG_WARN_DOCUMENTATION_COMMENTS = YES;
				CLANG_WARN_EMPTY_BODY = YES;
				CLANG_WARN_ENUM_CONVERSION = YES;
				CLANG_WARN_INFINITE_RECURSION = YES;
				CLANG_WARN_INT_CONVERSION = YES;
				CLANG_WARN_NON_LITERAL_NULL_CONVERSION = YES;
				CLANG_WARN_OBJC_IMPLICIT_RETAIN_SELF = YES;
				CLANG_WARN_OBJC_LITERAL_CONVERSION = YES;
				CLANG_WARN_OBJC_ROOT_CLASS = YES_ERROR;
				CLANG_WARN_RANGE_LOOP_ANALYSIS = YES;
				CLANG_WARN_STRICT_PROTOTYPES = YES;
				CLANG_WARN_SUSPICIOUS_MOVE = YES;
				CLANG_WARN_UNGUARDED_AVAILABILITY = YES_AGGRESSIVE;
				CLANG_WARN_UNREACHABLE_CODE = YES;
				CLANG_WARN__DUPLICATE_METHOD_MATCH = YES;
				CODE_SIGN_IDENTITY = "iPhone Developer";
				COPY_PHASE_STRIP = NO;
				DEBUG_INFORMATION_FORMAT = "dwarf-with-dsym";
				ENABLE_NS_ASSERTIONS = NO;
				ENABLE_STRICT_OBJC_MSGSEND = YES;
				GCC_C_LANGUAGE_STANDARD = gnu11;
				GCC_NO_COMMON_BLOCKS = YES;
				GCC_WARN_64_TO_32_BIT_CONVERSION = YES;
				GCC_WARN_ABOUT_RETURN_TYPE = YES_ERROR;
				GCC_WARN_UNDECLARED_SELECTOR = YES;
				GCC_WARN_UNINITIALIZED_AUTOS = YES_AGGRESSIVE;
				GCC_WARN_UNUSED_FUNCTION = YES;
				GCC_WARN_UNUSED_VARIABLE = YES;
				IPHONEOS_DEPLOYMENT_TARGET = 11.4;
				MTL_ENABLE_DEBUG_INFO = NO;
				SDKROOT = iphoneos;
				SWIFT_COMPILATION_MODE = wholemodule;
				SWIFT_OPTIMIZATION_LEVEL = "-O";
				VALIDATE_PRODUCT = YES;
			};
			name = Release;
		};
		C6870B332135097300DBF2F0 /* Debug */ = {
			isa = XCBuildConfiguration;
			baseConfigurationReference = B91617A7AE14E5E1485B3674 /* Pods-ChangeColorBall.debug.xcconfig */;
			buildSettings = {
				ASSETCATALOG_COMPILER_APPICON_NAME = AppIcon;
				CODE_SIGN_STYLE = Automatic;
				INFOPLIST_FILE = ChangeColorBall/Info.plist;
				LD_RUNPATH_SEARCH_PATHS = (
					"$(inherited)",
					"@executable_path/Frameworks",
				);
				PRODUCT_BUNDLE_IDENTIFIER = com.Instagram.ChangeColorBall;
				PRODUCT_NAME = "$(TARGET_NAME)";
				SWIFT_VERSION = 4.0;
				TARGETED_DEVICE_FAMILY = "1,2";
			};
			name = Debug;
		};
		C6870B342135097300DBF2F0 /* Release */ = {
			isa = XCBuildConfiguration;
			baseConfigurationReference = 547FB296E7301CA0442DFF15 /* Pods-ChangeColorBall.release.xcconfig */;
			buildSettings = {
				ASSETCATALOG_COMPILER_APPICON_NAME = AppIcon;
				CODE_SIGN_STYLE = Automatic;
				INFOPLIST_FILE = ChangeColorBall/Info.plist;
				LD_RUNPATH_SEARCH_PATHS = (
					"$(inherited)",
					"@executable_path/Frameworks",
				);
				PRODUCT_BUNDLE_IDENTIFIER = com.Instagram.ChangeColorBall;
				PRODUCT_NAME = "$(TARGET_NAME)";
				SWIFT_VERSION = 4.0;
				TARGETED_DEVICE_FAMILY = "1,2";
			};
			name = Release;
		};
/* End XCBuildConfiguration section */

/* Begin XCConfigurationList section */
		C6870B1B2135097100DBF2F0 /* Build configuration list for PBXProject "ChangeColorBall" */ = {
			isa = XCConfigurationList;
			buildConfigurations = (
				C6870B302135097300DBF2F0 /* Debug */,
				C6870B312135097300DBF2F0 /* Release */,
			);
			defaultConfigurationIsVisible = 0;
			defaultConfigurationName = Release;
		};
		C6870B322135097300DBF2F0 /* Build configuration list for PBXNativeTarget "ChangeColorBall" */ = {
			isa = XCConfigurationList;
			buildConfigurations = (
				C6870B332135097300DBF2F0 /* Debug */,
				C6870B342135097300DBF2F0 /* Release */,
			);
			defaultConfigurationIsVisible = 0;
			defaultConfigurationName = Release;
		};
/* End XCConfigurationList section */
	};
	rootObject = C6870B182135097100DBF2F0 /* Project object */;
}
